{
  "name": "pdjr-skplugin-switchbank",
  "version": "2.1.0",
  "lockfileVersion": 3,
  "requires": true,
  "packages": {
    "": {
      "name": "pdjr-skplugin-switchbank",
      "version": "2.1.0",
      "license": "Apache-2.0",
      "dependencies": {
        "lodash": "^4.17.21",
        "signalk-libdelta": "github:pdjr-signalk/signalk-libdelta",
        "signalk-liblog": "github:pdjr-signalk/signalk-liblog",
        "signalk-libnmea2000": "github:pdjr-signalk/signalk-libnmea2000"
      }
    },
    "node_modules/lodash": {
      "version": "4.17.21",
      "resolved": "https://registry.npmjs.org/lodash/-/lodash-4.17.21.tgz",
      "integrity": "sha512-v2kDEe57lecTulaDIuNTPy3Ry4gLGJ6Z1O3vE1krgXZNrsQ+LFTGHVxVjcXPs17LhbZVGedAJv8XZ1tvj5FvSg=="
    },
    "node_modules/signalk-libdelta": {
      "version": "1.0.0",
      "resolved": "git+ssh://git@github.com/pdjr-signalk/signalk-libdelta.git#a47ffb5ee4c313035eb0fc274e2ee13dd00a4de4",
      "license": "Apache-2.0"
    },
    "node_modules/signalk-liblog": {
      "version": "1.0.0",
      "resolved": "git+ssh://git@github.com/pdjr-signalk/signalk-liblog.git#3c024e3475b16b8c9aa7f4324b1195c1d381854c",
      "license": "Apache-2.0"
    },
    "node_modules/signalk-libnmea2000": {
      "version": "1.0.0",
      "resolved": "git+ssh://git@github.com/pdjr-signalk/signalk-libnmea2000.git#d8064f8dcefaa03259d7dcc526dc17516c924db0",
      "license": "Apache-2.0"
    }
  }
}
